
Microsoft Visual Studio Solution File, Format Version 12.00
# Visual Studio Version 16
VisualStudioVersion = 16.0.30114.105
MinimumVisualStudioVersion = 10.0.40219.1
Project("{FAE04EC0-301F-11D3-BF4B-00C04F79EFBC}") = "AspNetCoreAppRolesFineGrainedApi", "AspNetCoreAppRolesFineGrainedApi.WebApp\AspNetCoreAppRolesFineGrainedApi.csproj", "{1475BD2A-7817-445C-A417-42909B75F9F8}"
EndProject
Project("{FAE04EC0-301F-11D3-BF4B-00C04F79EFBC}") = "AspNetCoreAppRolesFineGrainedApi.Tests", "AspNetCoreAppRolesFineGrainedApi.Tests\AspNetCoreAppRolesFineGrainedApi.Tests.csproj", "{74C27929-14DF-4F48-8F99-958FA79BA4F1}"
EndProject
Project("{FAE04EC0-301F-11D3-BF4B-00C04F79EFBC}") = "AspNetCoreAppRolesFineGrainedApi.Api", "AspNetCoreAppRolesFineGrainedApi.Api\AspNetCoreAppRolesFineGrainedApi.Api.csproj", "{79FF8716-D8A3-47EA-B728-2391CAC1DF90}"
EndProject
Global
	GlobalSection(SolutionConfigurationPlatforms) = preSolution
		Debug|Any CPU = Debug|Any CPU
		Debug|x64 = Debug|x64
		Debug|x86 = Debug|x86
		Release|Any CPU = Release|Any CPU
		Release|x64 = Release|x64
		Release|x86 = Release|x86
	EndGlobalSection
	GlobalSection(SolutionProperties) = preSolution
		HideSolutionNode = FALSE
	EndGlobalSection
	GlobalSection(ProjectConfigurationPlatforms) = postSolution
		{1475BD2A-7817-445C-A417-42909B75F9F8}.Debug|Any CPU.ActiveCfg = Debug|Any CPU
		{1475BD2A-7817-445C-A417-42909B75F9F8}.Debug|Any CPU.Build.0 = Debug|Any CPU
		{1475BD2A-7817-445C-A417-42909B75F9F8}.Debug|x64.ActiveCfg = Debug|Any CPU
		{1475BD2A-7817-445C-A417-42909B75F9F8}.Debug|x64.Build.0 = Debug|Any CPU
		{1475BD2A-7817-445C-A417-42909B75F9F8}.Debug|x86.ActiveCfg = Debug|Any CPU
		{1475BD2A-7817-445C-A417-42909B75F9F8}.Debug|x86.Build.0 = Debug|Any CPU
		{1475BD2A-7817-445C-A417-42909B75F9F8}.Release|Any CPU.ActiveCfg = Release|Any CPU
		{1475BD2A-7817-445C-A417-42909B75F9F8}.Release|Any CPU.Build.0 = Release|Any CPU
		{1475BD2A-7817-445C-A417-42909B75F9F8}.Release|x64.ActiveCfg = Release|Any CPU
		{1475BD2A-7817-445C-A417-42909B75F9F8}.Release|x64.Build.0 = Release|Any CPU
		{1475BD2A-7817-445C-A417-42909B75F9F8}.Release|x86.ActiveCfg = Release|Any CPU
		{1475BD2A-7817-445C-A417-42909B75F9F8}.Release|x86.Build.0 = Release|Any CPU
		{74C27929-14DF-4F48-8F99-958FA79BA4F1}.Debug|Any CPU.ActiveCfg = Debug|Any CPU
		{74C27929-14DF-4F48-8F99-958FA79BA4F1}.Debug|Any CPU.Build.0 = Debug|Any CPU
		{74C27929-14DF-4F48-8F99-958FA79BA4F1}.Debug|x64.ActiveCfg = Debug|Any CPU
		{74C27929-14DF-4F48-8F99-958FA79BA4F1}.Debug|x64.Build.0 = Debug|Any CPU
		{74C27929-14DF-4F48-8F99-958FA79BA4F1}.Debug|x86.ActiveCfg = Debug|Any CPU
		{74C27929-14DF-4F48-8F99-958FA79BA4F1}.Debug|x86.Build.0 = Debug|Any CPU
		{74C27929-14DF-4F48-8F99-958FA79BA4F1}.Release|Any CPU.ActiveCfg = Release|Any CPU
		{74C27929-14DF-4F48-8F99-958FA79BA4F1}.Release|Any CPU.Build.0 = Release|Any CPU
		{74C27929-14DF-4F48-8F99-958FA79BA4F1}.Release|x64.ActiveCfg = Release|Any CPU
		{74C27929-14DF-4F48-8F99-958FA79BA4F1}.Release|x64.Build.0 = Release|Any CPU
		{74C27929-14DF-4F48-8F99-958FA79BA4F1}.Release|x86.ActiveCfg = Release|Any CPU
		{74C27929-14DF-4F48-8F99-958FA79BA4F1}.Release|x86.Build.0 = Release|Any CPU
		{79FF8716-D8A3-47EA-B728-2391CAC1DF90}.Debug|Any CPU.ActiveCfg = Debug|Any CPU
		{79FF8716-D8A3-47EA-B728-2391CAC1DF90}.Debug|Any CPU.Build.0 = Debug|Any CPU
		{79FF8716-D8A3-47EA-B728-2391CAC1DF90}.Debug|x64.ActiveCfg = Debug|Any CPU
		{79FF8716-D8A3-47EA-B728-2391CAC1DF90}.Debug|x64.Build.0 = Debug|Any CPU
		{79FF8716-D8A3-47EA-B728-2391CAC1DF90}.Debug|x86.ActiveCfg = Debug|Any CPU
		{79FF8716-D8A3-47EA-B728-2391CAC1DF90}.Debug|x86.Build.0 = Debug|Any CPU
		{79FF8716-D8A3-47EA-B728-2391CAC1DF90}.Release|Any CPU.ActiveCfg = Release|Any CPU
		{79FF8716-D8A3-47EA-B728-2391CAC1DF90}.Release|Any CPU.Build.0 = Release|Any CPU
		{79FF8716-D8A3-47EA-B728-2391CAC1DF90}.Release|x64.ActiveCfg = Release|Any CPU
		{79FF8716-D8A3-47EA-B728-2391CAC1DF90}.Release|x64.Build.0 = Release|Any CPU
		{79FF8716-D8A3-47EA-B728-2391CAC1DF90}.Release|x86.ActiveCfg = Release|Any CPU
		{79FF8716-D8A3-47EA-B728-2391CAC1DF90}.Release|x86.Build.0 = Release|Any CPU
	EndGlobalSection
EndGlobal
